
Microsoft Visual Studio Solution File, Format Version 12.00
# Visual Studio Version 16
VisualStudioVersion = 16.0.33529.622
MinimumVisualStudioVersion = 10.0.40219.1
Project("{FAE04EC0-301F-11D3-BF4B-00C04F79EFBC}") = "Bo_Underwater", "Bo_Underwater.csproj", "{AF0AD84D-0994-49BC-93E0-0C9160E0C690}"
EndProject
Global
	GlobalSection(SolutionConfigurationPlatforms) = preSolution
		Debug|Any CPU = Debug|Any CPU
		Release|Any CPU = Release|Any CPU
	EndGlobalSection
	GlobalSection(ProjectConfigurationPlatforms) = postSolution
		{AF0AD84D-0994-49BC-93E0-0C9160E0C690}.Debug|Any CPU.ActiveCfg = Debug|Any CPU
		{AF0AD84D-0994-49BC-93E0-0C9160E0C690}.Debug|Any CPU.Build.0 = Debug|Any CPU
		{AF0AD84D-0994-49BC-93E0-0C9160E0C690}.Release|Any CPU.ActiveCfg = Release|Any CPU
		{AF0AD84D-0994-49BC-93E0-0C9160E0C690}.Release|Any CPU.Build.0 = Release|Any CPU
	EndGlobalSection
	GlobalSection(SolutionProperties) = preSolution
		HideSolutionNode = FALSE
	EndGlobalSection
	GlobalSection(ExtensibilityGlobals) = postSolution
		SolutionGuid = {9EBFFAF3-AA31-4903-8E71-C0DBA51346B2}
	EndGlobalSection
EndGlobal
